// !$*UTF8*$!
{
	archiveVersion = 1;
	classes = {
	};
	objectVersion = 46;
	objects = {

/* Begin PBXBuildFile section */
		A714AD121ECEDEFC00C99C55 /* PlayerViewControllerDelegate.swift in Sources */ = {isa = PBXBuildFile; fileRef = A714AD111ECEDEFC00C99C55 /* PlayerViewControllerDelegate.swift */; };
		A714AD141ECEDF1E00C99C55 /* MediaCollectionControllerDelegate.swift in Sources */ = {isa = PBXBuildFile; fileRef = A714AD131ECEDF1E00C99C55 /* MediaCollectionControllerDelegate.swift */; };
		A714AD161ECEDF4100C99C55 /* MediaViewControllerDelegate.swift in Sources */ = {isa = PBXBuildFile; fileRef = A714AD151ECEDF4100C99C55 /* MediaViewControllerDelegate.swift */; };
		A714AD181ECEDF6100C99C55 /* MediaCoordinatorDelegate.swift in Sources */ = {isa = PBXBuildFile; fileRef = A714AD171ECEDF6100C99C55 /* MediaCoordinatorDelegate.swift */; };
		A714AD1A1ECEDF7E00C99C55 /* MediaCoordinatorPayload.swift in Sources */ = {isa = PBXBuildFile; fileRef = A714AD191ECEDF7E00C99C55 /* MediaCoordinatorPayload.swift */; };
		A714AD1C1ECEDFAE00C99C55 /* DataService.swift in Sources */ = {isa = PBXBuildFile; fileRef = A714AD1B1ECEDFAE00C99C55 /* DataService.swift */; };
		A714AD1E1ECEDFC700C99C55 /* Track.swift in Sources */ = {isa = PBXBuildFile; fileRef = A714AD1D1ECEDFC700C99C55 /* Track.swift */; };
		A714AD201ECEE05A00C99C55 /* SplashView.swift in Sources */ = {isa = PBXBuildFile; fileRef = A714AD1F1ECEE05A00C99C55 /* SplashView.swift */; };
		A714AD271ECEE7A600C99C55 /* TabBarCoordinator.swift in Sources */ = {isa = PBXBuildFile; fileRef = A714AD261ECEE7A600C99C55 /* TabBarCoordinator.swift */; };
		A714AD291ECEE93800C99C55 /* MediaDataStore.swift in Sources */ = {isa = PBXBuildFile; fileRef = A714AD281ECEE93800C99C55 /* MediaDataStore.swift */; };
		A714AD2C1ECEEA7800C99C55 /* MediaAPIClient.swift in Sources */ = {isa = PBXBuildFile; fileRef = A714AD2B1ECEEA7800C99C55 /* MediaAPIClient.swift */; };
		A714AD2E1ECEEA8700C99C55 /* Download.swift in Sources */ = {isa = PBXBuildFile; fileRef = A714AD2D1ECEEA8700C99C55 /* Download.swift */; };
		A714AD301ECEEB8600C99C55 /* PlayerView.swift in Sources */ = {isa = PBXBuildFile; fileRef = A714AD2F1ECEEB8500C99C55 /* PlayerView.swift */; };
		A714AD321ECEEB9200C99C55 /* MediaCell.swift in Sources */ = {isa = PBXBuildFile; fileRef = A714AD311ECEEB9200C99C55 /* MediaCell.swift */; };
		A714AD341ECEEBF500C99C55 /* Resuable.swift in Sources */ = {isa = PBXBuildFile; fileRef = A714AD331ECEEBF500C99C55 /* Resuable.swift */; };
		A714AD361ECEEC0C00C99C55 /* CellRepresentable.swift in Sources */ = {isa = PBXBuildFile; fileRef = A714AD351ECEEC0C00C99C55 /* CellRepresentable.swift */; };
		A714AD381ECEEC4400C99C55 /* UICollectionView+Extension.swift in Sources */ = {isa = PBXBuildFile; fileRef = A714AD371ECEEC4400C99C55 /* UICollectionView+Extension.swift */; };
		A714AD3A1ECEEC7600C99C55 /* UIImageView+Extension.swift in Sources */ = {isa = PBXBuildFile; fileRef = A714AD391ECEEC7600C99C55 /* UIImageView+Extension.swift */; };
		A714AD3C1ECEECB000C99C55 /* BaseMediaControllerDataSource.swift in Sources */ = {isa = PBXBuildFile; fileRef = A714AD3B1ECEECB000C99C55 /* BaseMediaControllerDataSource.swift */; };
		A714AD3E1ECEECBC00C99C55 /* BaseMediaController.swift in Sources */ = {isa = PBXBuildFile; fileRef = A714AD3D1ECEECBC00C99C55 /* BaseMediaController.swift */; };
		A714AD451ECEEE0B00C99C55 /* CALayer+Extension.swift in Sources */ = {isa = PBXBuildFile; fileRef = A714AD441ECEEE0B00C99C55 /* CALayer+Extension.swift */; };
		A714AD471ECEF15000C99C55 /* URLConstructable.swift in Sources */ = {isa = PBXBuildFile; fileRef = A714AD461ECEF15000C99C55 /* URLConstructable.swift */; };
		A714AD491ECEF16900C99C55 /* URLRoutable.swift in Sources */ = {isa = PBXBuildFile; fileRef = A714AD481ECEF16900C99C55 /* URLRoutable.swift */; };
		A714AD4B1ECF062600C99C55 /* Configurable.swift in Sources */ = {isa = PBXBuildFile; fileRef = A714AD4A1ECF062600C99C55 /* Configurable.swift */; };
		A714AD561ECF069500C99C55 /* Playlist.swift in Sources */ = {isa = PBXBuildFile; fileRef = A714AD551ECF069500C99C55 /* Playlist.swift */; };
		A714AD581ECF06BB00C99C55 /* PlaylistItem.swift in Sources */ = {isa = PBXBuildFile; fileRef = A714AD571ECF06BB00C99C55 /* PlaylistItem.swift */; };
		A714AD5A1ECF06FC00C99C55 /* Downloader.swift in Sources */ = {isa = PBXBuildFile; fileRef = A714AD591ECF06FC00C99C55 /* Downloader.swift */; };
		A714AD5C1ECF070A00C99C55 /* TermSearcher.swift in Sources */ = {isa = PBXBuildFile; fileRef = A714AD5B1ECF070A00C99C55 /* TermSearcher.swift */; };
		A714AD621ECF080D00C99C55 /* DownloadDelegate.swift in Sources */ = {isa = PBXBuildFile; fileRef = A714AD611ECF080D00C99C55 /* DownloadDelegate.swift */; };
		A714AD641ECF082900C99C55 /* DownloadStatus.swift in Sources */ = {isa = PBXBuildFile; fileRef = A714AD631ECF082900C99C55 /* DownloadStatus.swift */; };
		A714AD681ECF09A200C99C55 /* UIViewController+Extension.swift in Sources */ = {isa = PBXBuildFile; fileRef = A714AD671ECF09A200C99C55 /* UIViewController+Extension.swift */; };
		A721B2AF1ECECB43003E0D12 /* AppDelegate.swift in Sources */ = {isa = PBXBuildFile; fileRef = A721B2AE1ECECB43003E0D12 /* AppDelegate.swift */; };
		A721B2B71ECECB43003E0D12 /* MediaPlayer.xcdatamodeld in Sources */ = {isa = PBXBuildFile; fileRef = A721B2B51ECECB43003E0D12 /* MediaPlayer.xcdatamodeld */; };
		A721B2B91ECECB43003E0D12 /* Assets.xcassets in Resources */ = {isa = PBXBuildFile; fileRef = A721B2B81ECECB43003E0D12 /* Assets.xcassets */; };
		A721B2BC1ECECB43003E0D12 /* LaunchScreen.storyboard in Resources */ = {isa = PBXBuildFile; fileRef = A721B2BA1ECECB43003E0D12 /* LaunchScreen.storyboard */; };
		A721B2C71ECECB43003E0D12 /* MediaPlayerTests.swift in Sources */ = {isa = PBXBuildFile; fileRef = A721B2C61ECECB43003E0D12 /* MediaPlayerTests.swift */; };
		A721B2D21ECECB67003E0D12 /* AppCoordinator.swift in Sources */ = {isa = PBXBuildFile; fileRef = A721B2D11ECECB67003E0D12 /* AppCoordinator.swift */; };
		A721B2D41ECECB74003E0D12 /* TabBarController.swift in Sources */ = {isa = PBXBuildFile; fileRef = A721B2D31ECECB74003E0D12 /* TabBarController.swift */; };
		A721B2D61ECECBC6003E0D12 /* Coordinator.swift in Sources */ = {isa = PBXBuildFile; fileRef = A721B2D51ECECBC6003E0D12 /* Coordinator.swift */; };
		A721B2D81ECECC09003E0D12 /* RootViewController.swift in Sources */ = {isa = PBXBuildFile; fileRef = A721B2D71ECECC09003E0D12 /* RootViewController.swift */; };
		A721B2DA1ECECC4D003E0D12 /* SplashViewControllerDelegate.swift in Sources */ = {isa = PBXBuildFile; fileRef = A721B2D91ECECC4D003E0D12 /* SplashViewControllerDelegate.swift */; };
		A721B2DC1ECECC60003E0D12 /* SplashViewController.swift in Sources */ = {isa = PBXBuildFile; fileRef = A721B2DB1ECECC5F003E0D12 /* SplashViewController.swift */; };
		A721B2DE1ECECC9B003E0D12 /* MediaCoordinator.swift in Sources */ = {isa = PBXBuildFile; fileRef = A721B2DD1ECECC9B003E0D12 /* MediaCoordinator.swift */; };
		A721B2E01ECECD98003E0D12 /* Services.swift in Sources */ = {isa = PBXBuildFile; fileRef = A721B2DF1ECECD98003E0D12 /* Services.swift */; };
		A721B2E21ECECE16003E0D12 /* MediaCollectionViewController.swift in Sources */ = {isa = PBXBuildFile; fileRef = A721B2E11ECECE16003E0D12 /* MediaCollectionViewController.swift */; };
		A721B2E41ECECE3D003E0D12 /* PlayerViewController.swift in Sources */ = {isa = PBXBuildFile; fileRef = A721B2E31ECECE3D003E0D12 /* PlayerViewController.swift */; };
		A76EA8971ECF205D00D7CDDF /* Presentable.swift in Sources */ = {isa = PBXBuildFile; fileRef = A76EA8961ECF205D00D7CDDF /* Presentable.swift */; };
		A76EA8991ECF208600D7CDDF /* BaseView.swift in Sources */ = {isa = PBXBuildFile; fileRef = A76EA8981ECF208600D7CDDF /* BaseView.swift */; };
		A76EA89B1ECF20A800D7CDDF /* Router.swift in Sources */ = {isa = PBXBuildFile; fileRef = A76EA89A1ECF20A800D7CDDF /* Router.swift */; };
		A76EA89D1ECF20D000D7CDDF /* RouterImp.swift in Sources */ = {isa = PBXBuildFile; fileRef = A76EA89C1ECF20D000D7CDDF /* RouterImp.swift */; };
		A76EA89F1ECF211900D7CDDF /* BaseCoordinator.swift in Sources */ = {isa = PBXBuildFile; fileRef = A76EA89E1ECF211900D7CDDF /* BaseCoordinator.swift */; };
		A76EA8A11ECF216700D7CDDF /* CoordinatorFactory.swift in Sources */ = {isa = PBXBuildFile; fileRef = A76EA8A01ECF216700D7CDDF /* CoordinatorFactory.swift */; };
		A76EA8A31ECF21DD00D7CDDF /* TabbarView.swift in Sources */ = {isa = PBXBuildFile; fileRef = A76EA8A21ECF21DD00D7CDDF /* TabbarView.swift */; };
		A7A080B91ECF0E580035EE1A /* TextFieldExtension.swift in Sources */ = {isa = PBXBuildFile; fileRef = A7A080B81ECF0E580035EE1A /* TextFieldExtension.swift */; };
		A7A080BC1ECF0EA00035EE1A /* EqualizerAnimation.swift in Sources */ = {isa = PBXBuildFile; fileRef = A7A080BB1ECF0EA00035EE1A /* EqualizerAnimation.swift */; };
		A7A080BF1ECF0ED50035EE1A /* IndicatorView.swift in Sources */ = {isa = PBXBuildFile; fileRef = A7A080BE1ECF0ED50035EE1A /* IndicatorView.swift */; };
		A7A080C31ECF0F6F0035EE1A /* EmptyView.swift in Sources */ = {isa = PBXBuildFile; fileRef = A7A080C21ECF0F6F0035EE1A /* EmptyView.swift */; };
		A7A080C61ECF0FD90035EE1A /* BasePopoverAlert.swift in Sources */ = {isa = PBXBuildFile; fileRef = A7A080C51ECF0FD90035EE1A /* BasePopoverAlert.swift */; };
		A7A080CA1ECF10360035EE1A /* BaseMenuPopover.swift in Sources */ = {isa = PBXBuildFile; fileRef = A7A080C91ECF10360035EE1A /* BaseMenuPopover.swift */; };
		A7A080CD1ECF105F0035EE1A /* BasePopView.swift in Sources */ = {isa = PBXBuildFile; fileRef = A7A080CC1ECF105F0035EE1A /* BasePopView.swift */; };
		A7A080CF1ECF10A00035EE1A /* BasePopoverConstants.swift in Sources */ = {isa = PBXBuildFile; fileRef = A7A080CE1ECF10A00035EE1A /* BasePopoverConstants.swift */; };
		A7A080D21ECF11200035EE1A /* StartView.swift in Sources */ = {isa = PBXBuildFile; fileRef = A7A080D11ECF11200035EE1A /* StartView.swift */; };
		A7A080D41ECF11380035EE1A /* StartViewDelegate.swift in Sources */ = {isa = PBXBuildFile; fileRef = A7A080D31ECF11380035EE1A /* StartViewDelegate.swift */; };
		A7A080D71ECF11740035EE1A /* ButtonMaker.swift in Sources */ = {isa = PBXBuildFile; fileRef = A7A080D61ECF11740035EE1A /* ButtonMaker.swift */; };
		A7A080DA1ECF11970035EE1A /* BasicButtonFactory.swift in Sources */ = {isa = PBXBuildFile; fileRef = A7A080D91ECF11970035EE1A /* BasicButtonFactory.swift */; };
		A7A080DC1ECF11B80035EE1A /* LoginButtonFactory.swift in Sources */ = {isa = PBXBuildFile; fileRef = A7A080DB1ECF11B80035EE1A /* LoginButtonFactory.swift */; };
		A7A080DE1ECF11FA0035EE1A /* BottomMenuPopover.swift in Sources */ = {isa = PBXBuildFile; fileRef = A7A080DD1ECF11FA0035EE1A /* BottomMenuPopover.swift */; };
		A7A080E01ECF123A0035EE1A /* MenuOptionView.swift in Sources */ = {isa = PBXBuildFile; fileRef = A7A080DF1ECF123A0035EE1A /* MenuOptionView.swift */; };
		A7A080E21ECF12560035EE1A /* MenuActive.swift in Sources */ = {isa = PBXBuildFile; fileRef = A7A080E11ECF12560035EE1A /* MenuActive.swift */; };
		A7A080E41ECF126C0035EE1A /* MenuDelegate.swift in Sources */ = {isa = PBXBuildFile; fileRef = A7A080E31ECF126C0035EE1A /* MenuDelegate.swift */; };
		A7A080E61ECF12AC0035EE1A /* EqualizerConstants.swift in Sources */ = {isa = PBXBuildFile; fileRef = A7A080E51ECF12AC0035EE1A /* EqualizerConstants.swift */; };
		A7A080E81ECF12DF0035EE1A /* BasePopConstant.swift in Sources */ = {isa = PBXBuildFile; fileRef = A7A080E71ECF12DF0035EE1A /* BasePopConstant.swift */; };
		A7A080EA1ECF13400035EE1A /* UILabel+Extension.swift in Sources */ = {isa = PBXBuildFile; fileRef = A7A080E91ECF13400035EE1A /* UILabel+Extension.swift */; };
		A7A080ED1ECF14440035EE1A /* NSError+Extension.swift in Sources */ = {isa = PBXBuildFile; fileRef = A7A080EC1ECF14440035EE1A /* NSError+Extension.swift */; };
		A7A080EF1ECF14760035EE1A /* LocalStorageManager.swift in Sources */ = {isa = PBXBuildFile; fileRef = A7A080EE1ECF14760035EE1A /* LocalStorageManager.swift */; };
		A7A080F71ECF14E30035EE1A /* MPMediaPlayer.swift in Sources */ = {isa = PBXBuildFile; fileRef = A7A080F61ECF14E30035EE1A /* MPMediaPlayer.swift */; };
		A7A080FA1ECF15120035EE1A /* Response.swift in Sources */ = {isa = PBXBuildFile; fileRef = A7A080F91ECF15120035EE1A /* Response.swift */; };
		A7A080FC1ECF15520035EE1A /* BaseOperation.swift in Sources */ = {isa = PBXBuildFile; fileRef = A7A080FB1ECF15520035EE1A /* BaseOperation.swift */; };
		A7A080FE1ECF158B0035EE1A /* TrackDelegate.swift in Sources */ = {isa = PBXBuildFile; fileRef = A7A080FD1ECF158B0035EE1A /* TrackDelegate.swift */; };
		A7A081001ECF160C0035EE1A /* Notification+Extension.swift in Sources */ = {isa = PBXBuildFile; fileRef = A7A080FF1ECF160C0035EE1A /* Notification+Extension.swift */; };
		A7A081021ECF16670035EE1A /* BallAnimation.swift in Sources */ = {isa = PBXBuildFile; fileRef = A7A081011ECF16670035EE1A /* BallAnimation.swift */; };
		A7A081051ECF16970035EE1A /* BallIndicatorView.swift in Sources */ = {isa = PBXBuildFile; fileRef = A7A081041ECF16970035EE1A /* BallIndicatorView.swift */; };
		A7A081071ECF16AC0035EE1A /* AnimationDelegate.swift in Sources */ = {isa = PBXBuildFile; fileRef = A7A081061ECF16AC0035EE1A /* AnimationDelegate.swift */; };
		A7A081091ECF16FE0035EE1A /* StartViewController.swift in Sources */ = {isa = PBXBuildFile; fileRef = A7A081081ECF16FE0035EE1A /* StartViewController.swift */; };
		A7A0810B1ECF172A0035EE1A /* StartViewControllerDelegate.swift in Sources */ = {isa = PBXBuildFile; fileRef = A7A0810A1ECF172A0035EE1A /* StartViewControllerDelegate.swift */; };
		A7A0810D1ECF17580035EE1A /* LoginView.swift in Sources */ = {isa = PBXBuildFile; fileRef = A7A0810C1ECF17580035EE1A /* LoginView.swift */; };
		A7A081101ECF17750035EE1A /* LoginViewController.swift in Sources */ = {isa = PBXBuildFile; fileRef = A7A0810F1ECF17750035EE1A /* LoginViewController.swift */; };
		A7A081121ECF178E0035EE1A /* CreateAccountView.swift in Sources */ = {isa = PBXBuildFile; fileRef = A7A081111ECF178E0035EE1A /* CreateAccountView.swift */; };
		A7A081151ECF17AE0035EE1A /* CreateAccountViewController.swift in Sources */ = {isa = PBXBuildFile; fileRef = A7A081141ECF17AE0035EE1A /* CreateAccountViewController.swift */; };
		A7A081171ECF17C10035EE1A /* CreateAccountDelegate.swift in Sources */ = {isa = PBXBuildFile; fileRef = A7A081161ECF17C10035EE1A /* CreateAccountDelegate.swift */; };
		A7A081191ECF18140035EE1A /* NewPlaylistView.swift in Sources */ = {isa = PBXBuildFile; fileRef = A7A081181ECF18140035EE1A /* NewPlaylistView.swift */; };
		A7A0811C1ECF18AA0035EE1A /* ImageLoadOperation.swift in Sources */ = {isa = PBXBuildFile; fileRef = A7A0811B1ECF18AA0035EE1A /* ImageLoadOperation.swift */; };
		A7A0811E1ECF18DA0035EE1A /* UIImage+Extension.swift in Sources */ = {isa = PBXBuildFile; fileRef = A7A0811D1ECF18DA0035EE1A /* UIImage+Extension.swift */; };
		A7A081201ECF19100035EE1A /* String+Extension.swift in Sources */ = {isa = PBXBuildFile; fileRef = A7A0811F1ECF19100035EE1A /* String+Extension.swift */; };
		A7A081221ECF19790035EE1A /* MediaPlaylistViewController.swift in Sources */ = {isa = PBXBuildFile; fileRef = A7A081211ECF19790035EE1A /* MediaPlaylistViewController.swift */; };
		A7A081251ECF1AE30035EE1A /* NavigationCoordinator.swift in Sources */ = {isa = PBXBuildFile; fileRef = A7A081241ECF1AE30035EE1A /* NavigationCoordinator.swift */; };
		A7A081271ECF1BE40035EE1A /* CALayer+Constants.swift in Sources */ = {isa = PBXBuildFile; fileRef = A7A081261ECF1BE40035EE1A /* CALayer+Constants.swift */; };
/* End PBXBuildFile section */

/* Begin PBXContainerItemProxy section */
		A721B2C31ECECB43003E0D12 /* PBXContainerItemProxy */ = {
			isa = PBXContainerItemProxy;
			containerPortal = A721B2A31ECECB43003E0D12 /* Project object */;
			proxyType = 1;
			remoteGlobalIDString = A721B2AA1ECECB43003E0D12;
			remoteInfo = MediaPlayer;
		};
/* End PBXContainerItemProxy section */

/* Begin PBXFileReference section */
		A714AD111ECEDEFC00C99C55 /* PlayerViewControllerDelegate.swift */ = {isa = PBXFileReference; fileEncoding = 4; lastKnownFileType = sourcecode.swift; path = PlayerViewControllerDelegate.swift; sourceTree = "<group>"; };
		A714AD131ECEDF1E00C99C55 /* MediaCollectionControllerDelegate.swift */ = {isa = PBXFileReference; fileEncoding = 4; lastKnownFileType = sourcecode.swift; path = MediaCollectionControllerDelegate.swift; sourceTree = "<group>"; };
		A714AD151ECEDF4100C99C55 /* MediaViewControllerDelegate.swift */ = {isa = PBXFileReference; fileEncoding = 4; lastKnownFileType = sourcecode.swift; path = MediaViewControllerDelegate.swift; sourceTree = "<group>"; };
		A714AD171ECEDF6100C99C55 /* MediaCoordinatorDelegate.swift */ = {isa = PBXFileReference; fileEncoding = 4; lastKnownFileType = sourcecode.swift; path = MediaCoordinatorDelegate.swift; sourceTree = "<group>"; };
		A714AD191ECEDF7E00C99C55 /* MediaCoordinatorPayload.swift */ = {isa = PBXFileReference; fileEncoding = 4; lastKnownFileType = sourcecode.swift; path = MediaCoordinatorPayload.swift; sourceTree = "<group>"; };
		A714AD1B1ECEDFAE00C99C55 /* DataService.swift */ = {isa = PBXFileReference; fileEncoding = 4; lastKnownFileType = sourcecode.swift; path = DataService.swift; sourceTree = "<group>"; };
		A714AD1D1ECEDFC700C99C55 /* Track.swift */ = {isa = PBXFileReference; fileEncoding = 4; lastKnownFileType = sourcecode.swift; path = Track.swift; sourceTree = "<group>"; };
		A714AD1F1ECEE05A00C99C55 /* SplashView.swift */ = {isa = PBXFileReference; fileEncoding = 4; lastKnownFileType = sourcecode.swift; path = SplashView.swift; sourceTree = "<group>"; };
		A714AD261ECEE7A600C99C55 /* TabBarCoordinator.swift */ = {isa = PBXFileReference; fileEncoding = 4; lastKnownFileType = sourcecode.swift; path = TabBarCoordinator.swift; sourceTree = "<group>"; };
		A714AD281ECEE93800C99C55 /* MediaDataStore.swift */ = {isa = PBXFileReference; fileEncoding = 4; lastKnownFileType = sourcecode.swift; path = MediaDataStore.swift; sourceTree = "<group>"; };
		A714AD2B1ECEEA7800C99C55 /* MediaAPIClient.swift */ = {isa = PBXFileReference; fileEncoding = 4; lastKnownFileType = sourcecode.swift; path = MediaAPIClient.swift; sourceTree = "<group>"; };
		A714AD2D1ECEEA8700C99C55 /* Download.swift */ = {isa = PBXFileReference; fileEncoding = 4; lastKnownFileType = sourcecode.swift; path = Download.swift; sourceTree = "<group>"; };
		A714AD2F1ECEEB8500C99C55 /* PlayerView.swift */ = {isa = PBXFileReference; fileEncoding = 4; lastKnownFileType = sourcecode.swift; path = PlayerView.swift; sourceTree = "<group>"; };
		A714AD311ECEEB9200C99C55 /* MediaCell.swift */ = {isa = PBXFileReference; fileEncoding = 4; lastKnownFileType = sourcecode.swift; path = MediaCell.swift; sourceTree = "<group>"; };
		A714AD331ECEEBF500C99C55 /* Resuable.swift */ = {isa = PBXFileReference; fileEncoding = 4; lastKnownFileType = sourcecode.swift; path = Resuable.swift; sourceTree = "<group>"; };
		A714AD351ECEEC0C00C99C55 /* CellRepresentable.swift */ = {isa = PBXFileReference; fileEncoding = 4; lastKnownFileType = sourcecode.swift; path = CellRepresentable.swift; sourceTree = "<group>"; };
		A714AD371ECEEC4400C99C55 /* UICollectionView+Extension.swift */ = {isa = PBXFileReference; fileEncoding = 4; lastKnownFileType = sourcecode.swift; path = "UICollectionView+Extension.swift"; sourceTree = "<group>"; };
		A714AD391ECEEC7600C99C55 /* UIImageView+Extension.swift */ = {isa = PBXFileReference; fileEncoding = 4; lastKnownFileType = sourcecode.swift; path = "UIImageView+Extension.swift"; sourceTree = "<group>"; };
		A714AD3B1ECEECB000C99C55 /* BaseMediaControllerDataSource.swift */ = {isa = PBXFileReference; fileEncoding = 4; lastKnownFileType = sourcecode.swift; path = BaseMediaControllerDataSource.swift; sourceTree = "<group>"; };
		A714AD3D1ECEECBC00C99C55 /* BaseMediaController.swift */ = {isa = PBXFileReference; fileEncoding = 4; lastKnownFileType = sourcecode.swift; path = BaseMediaController.swift; sourceTree = "<group>"; };
		A714AD441ECEEE0B00C99C55 /* CALayer+Extension.swift */ = {isa = PBXFileReference; fileEncoding = 4; lastKnownFileType = sourcecode.swift; path = "CALayer+Extension.swift"; sourceTree = "<group>"; };
		A714AD461ECEF15000C99C55 /* URLConstructable.swift */ = {isa = PBXFileReference; fileEncoding = 4; lastKnownFileType = sourcecode.swift; path = URLConstructable.swift; sourceTree = "<group>"; };
		A714AD481ECEF16900C99C55 /* URLRoutable.swift */ = {isa = PBXFileReference; fileEncoding = 4; lastKnownFileType = sourcecode.swift; path = URLRoutable.swift; sourceTree = "<group>"; };
		A714AD4A1ECF062600C99C55 /* Configurable.swift */ = {isa = PBXFileReference; fileEncoding = 4; lastKnownFileType = sourcecode.swift; path = Configurable.swift; sourceTree = "<group>"; };
		A714AD551ECF069500C99C55 /* Playlist.swift */ = {isa = PBXFileReference; fileEncoding = 4; lastKnownFileType = sourcecode.swift; path = Playlist.swift; sourceTree = "<group>"; };
		A714AD571ECF06BB00C99C55 /* PlaylistItem.swift */ = {isa = PBXFileReference; fileEncoding = 4; lastKnownFileType = sourcecode.swift; path = PlaylistItem.swift; sourceTree = "<group>"; };
		A714AD591ECF06FC00C99C55 /* Downloader.swift */ = {isa = PBXFileReference; fileEncoding = 4; lastKnownFileType = sourcecode.swift; path = Downloader.swift; sourceTree = "<group>"; };
		A714AD5B1ECF070A00C99C55 /* TermSearcher.swift */ = {isa = PBXFileReference; fileEncoding = 4; lastKnownFileType = sourcecode.swift; path = TermSearcher.swift; sourceTree = "<group>"; };
		A714AD611ECF080D00C99C55 /* DownloadDelegate.swift */ = {isa = PBXFileReference; fileEncoding = 4; lastKnownFileType = sourcecode.swift; path = DownloadDelegate.swift; sourceTree = "<group>"; };
		A714AD631ECF082900C99C55 /* DownloadStatus.swift */ = {isa = PBXFileReference; fileEncoding = 4; lastKnownFileType = sourcecode.swift; path = DownloadStatus.swift; sourceTree = "<group>"; };
		A714AD671ECF09A200C99C55 /* UIViewController+Extension.swift */ = {isa = PBXFileReference; fileEncoding = 4; lastKnownFileType = sourcecode.swift; path = "UIViewController+Extension.swift"; sourceTree = "<group>"; };
		A721B2AB1ECECB43003E0D12 /* MediaPlayer.app */ = {isa = PBXFileReference; explicitFileType = wrapper.application; includeInIndex = 0; path = MediaPlayer.app; sourceTree = BUILT_PRODUCTS_DIR; };
		A721B2AE1ECECB43003E0D12 /* AppDelegate.swift */ = {isa = PBXFileReference; lastKnownFileType = sourcecode.swift; path = AppDelegate.swift; sourceTree = "<group>"; };
		A721B2B61ECECB43003E0D12 /* MediaPlayer.xcdatamodel */ = {isa = PBXFileReference; lastKnownFileType = wrapper.xcdatamodel; path = MediaPlayer.xcdatamodel; sourceTree = "<group>"; };
		A721B2B81ECECB43003E0D12 /* Assets.xcassets */ = {isa = PBXFileReference; lastKnownFileType = folder.assetcatalog; path = Assets.xcassets; sourceTree = "<group>"; };
		A721B2BB1ECECB43003E0D12 /* Base */ = {isa = PBXFileReference; lastKnownFileType = file.storyboard; name = Base; path = Base.lproj/LaunchScreen.storyboard; sourceTree = "<group>"; };
		A721B2BD1ECECB43003E0D12 /* Info.plist */ = {isa = PBXFileReference; lastKnownFileType = text.plist.xml; path = Info.plist; sourceTree = "<group>"; };
		A721B2C21ECECB43003E0D12 /* MediaPlayerTests.xctest */ = {isa = PBXFileReference; explicitFileType = wrapper.cfbundle; includeInIndex = 0; path = MediaPlayerTests.xctest; sourceTree = BUILT_PRODUCTS_DIR; };
		A721B2C61ECECB43003E0D12 /* MediaPlayerTests.swift */ = {isa = PBXFileReference; lastKnownFileType = sourcecode.swift; path = MediaPlayerTests.swift; sourceTree = "<group>"; };
		A721B2C81ECECB43003E0D12 /* Info.plist */ = {isa = PBXFileReference; lastKnownFileType = text.plist.xml; path = Info.plist; sourceTree = "<group>"; };
		A721B2D11ECECB67003E0D12 /* AppCoordinator.swift */ = {isa = PBXFileReference; fileEncoding = 4; lastKnownFileType = sourcecode.swift; path = AppCoordinator.swift; sourceTree = "<group>"; };
		A721B2D31ECECB74003E0D12 /* TabBarController.swift */ = {isa = PBXFileReference; fileEncoding = 4; lastKnownFileType = sourcecode.swift; path = TabBarController.swift; sourceTree = "<group>"; };
		A721B2D51ECECBC6003E0D12 /* Coordinator.swift */ = {isa = PBXFileReference; fileEncoding = 4; lastKnownFileType = sourcecode.swift; path = Coordinator.swift; sourceTree = "<group>"; };
		A721B2D71ECECC09003E0D12 /* RootViewController.swift */ = {isa = PBXFileReference; fileEncoding = 4; lastKnownFileType = sourcecode.swift; path = RootViewController.swift; sourceTree = "<group>"; };
		A721B2D91ECECC4D003E0D12 /* SplashViewControllerDelegate.swift */ = {isa = PBXFileReference; fileEncoding = 4; lastKnownFileType = sourcecode.swift; path = SplashViewControllerDelegate.swift; sourceTree = "<group>"; };
		A721B2DB1ECECC5F003E0D12 /* SplashViewController.swift */ = {isa = PBXFileReference; fileEncoding = 4; lastKnownFileType = sourcecode.swift; path = SplashViewController.swift; sourceTree = "<group>"; };
		A721B2DD1ECECC9B003E0D12 /* MediaCoordinator.swift */ = {isa = PBXFileReference; fileEncoding = 4; lastKnownFileType = sourcecode.swift; path = MediaCoordinator.swift; sourceTree = "<group>"; };
		A721B2DF1ECECD98003E0D12 /* Services.swift */ = {isa = PBXFileReference; fileEncoding = 4; lastKnownFileType = sourcecode.swift; path = Services.swift; sourceTree = "<group>"; };
		A721B2E11ECECE16003E0D12 /* MediaCollectionViewController.swift */ = {isa = PBXFileReference; fileEncoding = 4; lastKnownFileType = sourcecode.swift; path = MediaCollectionViewController.swift; sourceTree = "<group>"; };
		A721B2E31ECECE3D003E0D12 /* PlayerViewController.swift */ = {isa = PBXFileReference; fileEncoding = 4; lastKnownFileType = sourcecode.swift; path = PlayerViewController.swift; sourceTree = "<group>"; };
		A76EA8961ECF205D00D7CDDF /* Presentable.swift */ = {isa = PBXFileReference; fileEncoding = 4; lastKnownFileType = sourcecode.swift; path = Presentable.swift; sourceTree = "<group>"; };
		A76EA8981ECF208600D7CDDF /* BaseView.swift */ = {isa = PBXFileReference; fileEncoding = 4; lastKnownFileType = sourcecode.swift; path = BaseView.swift; sourceTree = "<group>"; };
		A76EA89A1ECF20A800D7CDDF /* Router.swift */ = {isa = PBXFileReference; fileEncoding = 4; lastKnownFileType = sourcecode.swift; path = Router.swift; sourceTree = "<group>"; };
		A76EA89C1ECF20D000D7CDDF /* RouterImp.swift */ = {isa = PBXFileReference; fileEncoding = 4; lastKnownFileType = sourcecode.swift; path = RouterImp.swift; sourceTree = "<group>"; };
		A76EA89E1ECF211900D7CDDF /* BaseCoordinator.swift */ = {isa = PBXFileReference; fileEncoding = 4; lastKnownFileType = sourcecode.swift; path = BaseCoordinator.swift; sourceTree = "<group>"; };
		A76EA8A01ECF216700D7CDDF /* CoordinatorFactory.swift */ = {isa = PBXFileReference; fileEncoding = 4; lastKnownFileType = sourcecode.swift; path = CoordinatorFactory.swift; sourceTree = "<group>"; };
		A76EA8A21ECF21DD00D7CDDF /* TabbarView.swift */ = {isa = PBXFileReference; fileEncoding = 4; lastKnownFileType = sourcecode.swift; path = TabbarView.swift; sourceTree = "<group>"; };
		A7A080B81ECF0E580035EE1A /* TextFieldExtension.swift */ = {isa = PBXFileReference; fileEncoding = 4; lastKnownFileType = sourcecode.swift; path = TextFieldExtension.swift; sourceTree = "<group>"; };
		A7A080BB1ECF0EA00035EE1A /* EqualizerAnimation.swift */ = {isa = PBXFileReference; fileEncoding = 4; lastKnownFileType = sourcecode.swift; path = EqualizerAnimation.swift; sourceTree = "<group>"; };
		A7A080BE1ECF0ED50035EE1A /* IndicatorView.swift */ = {isa = PBXFileReference; fileEncoding = 4; lastKnownFileType = sourcecode.swift; path = IndicatorView.swift; sourceTree = "<group>"; };
		A7A080C21ECF0F6F0035EE1A /* EmptyView.swift */ = {isa = PBXFileReference; fileEncoding = 4; lastKnownFileType = sourcecode.swift; path = EmptyView.swift; sourceTree = "<group>"; };
		A7A080C51ECF0FD90035EE1A /* BasePopoverAlert.swift */ = {isa = PBXFileReference; fileEncoding = 4; lastKnownFileType = sourcecode.swift; path = BasePopoverAlert.swift; sourceTree = "<group>"; };
		A7A080C91ECF10360035EE1A /* BaseMenuPopover.swift */ = {isa = PBXFileReference; fileEncoding = 4; lastKnownFileType = sourcecode.swift; path = BaseMenuPopover.swift; sourceTree = "<group>"; };
		A7A080CC1ECF105F0035EE1A /* BasePopView.swift */ = {isa = PBXFileReference; fileEncoding = 4; lastKnownFileType = sourcecode.swift; path = BasePopView.swift; sourceTree = "<group>"; };
		A7A080CE1ECF10A00035EE1A /* BasePopoverConstants.swift */ = {isa = PBXFileReference; fileEncoding = 4; lastKnownFileType = sourcecode.swift; path = BasePopoverConstants.swift; sourceTree = "<group>"; };
		A7A080D11ECF11200035EE1A /* StartView.swift */ = {isa = PBXFileReference; fileEncoding = 4; lastKnownFileType = sourcecode.swift; path = StartView.swift; sourceTree = "<group>"; };
		A7A080D31ECF11380035EE1A /* StartViewDelegate.swift */ = {isa = PBXFileReference; fileEncoding = 4; lastKnownFileType = sourcecode.swift; path = StartViewDelegate.swift; sourceTree = "<group>"; };
		A7A080D61ECF11740035EE1A /* ButtonMaker.swift */ = {isa = PBXFileReference; fileEncoding = 4; lastKnownFileType = sourcecode.swift; path = ButtonMaker.swift; sourceTree = "<group>"; };
		A7A080D91ECF11970035EE1A /* BasicButtonFactory.swift */ = {isa = PBXFileReference; fileEncoding = 4; lastKnownFileType = sourcecode.swift; path = BasicButtonFactory.swift; sourceTree = "<group>"; };
		A7A080DB1ECF11B80035EE1A /* LoginButtonFactory.swift */ = {isa = PBXFileReference; fileEncoding = 4; lastKnownFileType = sourcecode.swift; path = LoginButtonFactory.swift; sourceTree = "<group>"; };
		A7A080DD1ECF11FA0035EE1A /* BottomMenuPopover.swift */ = {isa = PBXFileReference; fileEncoding = 4; lastKnownFileType = sourcecode.swift; path = BottomMenuPopover.swift; sourceTree = "<group>"; };
		A7A080DF1ECF123A0035EE1A /* MenuOptionView.swift */ = {isa = PBXFileReference; fileEncoding = 4; lastKnownFileType = sourcecode.swift; path = MenuOptionView.swift; sourceTree = "<group>"; };
		A7A080E11ECF12560035EE1A /* MenuActive.swift */ = {isa = PBXFileReference; fileEncoding = 4; lastKnownFileType = sourcecode.swift; path = MenuActive.swift; sourceTree = "<group>"; };
		A7A080E31ECF126C0035EE1A /* MenuDelegate.swift */ = {isa = PBXFileReference; fileEncoding = 4; lastKnownFileType = sourcecode.swift; path = MenuDelegate.swift; sourceTree = "<group>"; };
		A7A080E51ECF12AC0035EE1A /* EqualizerConstants.swift */ = {isa = PBXFileReference; fileEncoding = 4; lastKnownFileType = sourcecode.swift; path = EqualizerConstants.swift; sourceTree = "<group>"; };
		A7A080E71ECF12DF0035EE1A /* BasePopConstant.swift */ = {isa = PBXFileReference; fileEncoding = 4; lastKnownFileType = sourcecode.swift; path = BasePopConstant.swift; sourceTree = "<group>"; };
		A7A080E91ECF13400035EE1A /* UILabel+Extension.swift */ = {isa = PBXFileReference; fileEncoding = 4; lastKnownFileType = sourcecode.swift; path = "UILabel+Extension.swift"; sourceTree = "<group>"; };
		A7A080EC1ECF14440035EE1A /* NSError+Extension.swift */ = {isa = PBXFileReference; fileEncoding = 4; lastKnownFileType = sourcecode.swift; path = "NSError+Extension.swift"; sourceTree = "<group>"; };
		A7A080EE1ECF14760035EE1A /* LocalStorageManager.swift */ = {isa = PBXFileReference; fileEncoding = 4; lastKnownFileType = sourcecode.swift; path = LocalStorageManager.swift; sourceTree = "<group>"; };
		A7A080F61ECF14E30035EE1A /* MPMediaPlayer.swift */ = {isa = PBXFileReference; fileEncoding = 4; lastKnownFileType = sourcecode.swift; path = MPMediaPlayer.swift; sourceTree = "<group>"; };
		A7A080F91ECF15120035EE1A /* Response.swift */ = {isa = PBXFileReference; fileEncoding = 4; lastKnownFileType = sourcecode.swift; path = Response.swift; sourceTree = "<group>"; };
		A7A080FB1ECF15520035EE1A /* BaseOperation.swift */ = {isa = PBXFileReference; fileEncoding = 4; lastKnownFileType = sourcecode.swift; path = BaseOperation.swift; sourceTree = "<group>"; };
		A7A080FD1ECF158B0035EE1A /* TrackDelegate.swift */ = {isa = PBXFileReference; fileEncoding = 4; lastKnownFileType = sourcecode.swift; path = TrackDelegate.swift; sourceTree = "<group>"; };
		A7A080FF1ECF160C0035EE1A /* Notification+Extension.swift */ = {isa = PBXFileReference; fileEncoding = 4; lastKnownFileType = sourcecode.swift; path = "Notification+Extension.swift"; sourceTree = "<group>"; };
		A7A081011ECF16670035EE1A /* BallAnimation.swift */ = {isa = PBXFileReference; fileEncoding = 4; lastKnownFileType = sourcecode.swift; path = BallAnimation.swift; sourceTree = "<group>"; };
		A7A081041ECF16970035EE1A /* BallIndicatorView.swift */ = {isa = PBXFileReference; fileEncoding = 4; lastKnownFileType = sourcecode.swift; path = BallIndicatorView.swift; sourceTree = "<group>"; };
		A7A081061ECF16AC0035EE1A /* AnimationDelegate.swift */ = {isa = PBXFileReference; fileEncoding = 4; lastKnownFileType = sourcecode.swift; path = AnimationDelegate.swift; sourceTree = "<group>"; };
		A7A081081ECF16FE0035EE1A /* StartViewController.swift */ = {isa = PBXFileReference; fileEncoding = 4; lastKnownFileType = sourcecode.swift; path = StartViewController.swift; sourceTree = "<group>"; };
		A7A0810A1ECF172A0035EE1A /* StartViewControllerDelegate.swift */ = {isa = PBXFileReference; fileEncoding = 4; lastKnownFileType = sourcecode.swift; path = StartViewControllerDelegate.swift; sourceTree = "<group>"; };
		A7A0810C1ECF17580035EE1A /* LoginView.swift */ = {isa = PBXFileReference; fileEncoding = 4; lastKnownFileType = sourcecode.swift; path = LoginView.swift; sourceTree = "<group>"; };
		A7A0810F1ECF17750035EE1A /* LoginViewController.swift */ = {isa = PBXFileReference; fileEncoding = 4; lastKnownFileType = sourcecode.swift; path = LoginViewController.swift; sourceTree = "<group>"; };
		A7A081111ECF178E0035EE1A /* CreateAccountView.swift */ = {isa = PBXFileReference; fileEncoding = 4; lastKnownFileType = sourcecode.swift; path = CreateAccountView.swift; sourceTree = "<group>"; };
		A7A081141ECF17AE0035EE1A /* CreateAccountViewController.swift */ = {isa = PBXFileReference; fileEncoding = 4; lastKnownFileType = sourcecode.swift; path = CreateAccountViewController.swift; sourceTree = "<group>"; };
		A7A081161ECF17C10035EE1A /* CreateAccountDelegate.swift */ = {isa = PBXFileReference; fileEncoding = 4; lastKnownFileType = sourcecode.swift; path = CreateAccountDelegate.swift; sourceTree = "<group>"; };
		A7A081181ECF18140035EE1A /* NewPlaylistView.swift */ = {isa = PBXFileReference; fileEncoding = 4; lastKnownFileType = sourcecode.swift; path = NewPlaylistView.swift; sourceTree = "<group>"; };
		A7A0811B1ECF18AA0035EE1A /* ImageLoadOperation.swift */ = {isa = PBXFileReference; fileEncoding = 4; lastKnownFileType = sourcecode.swift; path = ImageLoadOperation.swift; sourceTree = "<group>"; };
		A7A0811D1ECF18DA0035EE1A /* UIImage+Extension.swift */ = {isa = PBXFileReference; fileEncoding = 4; lastKnownFileType = sourcecode.swift; path = "UIImage+Extension.swift"; sourceTree = "<group>"; };
		A7A0811F1ECF19100035EE1A /* String+Extension.swift */ = {isa = PBXFileReference; fileEncoding = 4; lastKnownFileType = sourcecode.swift; path = "String+Extension.swift"; sourceTree = "<group>"; };
		A7A081211ECF19790035EE1A /* MediaPlaylistViewController.swift */ = {isa = PBXFileReference; fileEncoding = 4; lastKnownFileType = sourcecode.swift; path = MediaPlaylistViewController.swift; sourceTree = "<group>"; };
		A7A081241ECF1AE30035EE1A /* NavigationCoordinator.swift */ = {isa = PBXFileReference; fileEncoding = 4; lastKnownFileType = sourcecode.swift; path = NavigationCoordinator.swift; sourceTree = "<group>"; };
		A7A081261ECF1BE40035EE1A /* CALayer+Constants.swift */ = {isa = PBXFileReference; fileEncoding = 4; lastKnownFileType = sourcecode.swift; path = "CALayer+Constants.swift"; sourceTree = "<group>"; };
/* End PBXFileReference section */

/* Begin PBXFrameworksBuildPhase section */
		A721B2A81ECECB43003E0D12 /* Frameworks */ = {
			isa = PBXFrameworksBuildPhase;
			buildActionMask = 2147483647;
			files = (
			);
			runOnlyForDeploymentPostprocessing = 0;
		};
		A721B2BF1ECECB43003E0D12 /* Frameworks */ = {
			isa = PBXFrameworksBuildPhase;
			buildActionMask = 2147483647;
			files = (
			);
			runOnlyForDeploymentPostprocessing = 0;
		};
/* End PBXFrameworksBuildPhase section */

/* Begin PBXGroup section */
		A714AD211ECEE06000C99C55 /* Splash */ = {
			isa = PBXGroup;
			children = (
				A714AD4D1ECF064A00C99C55 /* Controller */,
				A714AD4C1ECF064100C99C55 /* Delegate */,
				A714AD4E1ECF064F00C99C55 /* View */,
			);
			path = Splash;
			sourceTree = "<group>";
		};
		A714AD221ECEE06E00C99C55 /* MediaCollection */ = {
			isa = PBXGroup;
			children = (
				A714AD511ECF066700C99C55 /* Cell */,
				A714AD4F1ECF065800C99C55 /* Controller */,
				A714AD501ECF065E00C99C55 /* Delegate */,
			);
			path = MediaCollection;
			sourceTree = "<group>";
		};
		A714AD231ECEE08600C99C55 /* Player */ = {
			isa = PBXGroup;
			children = (
				A714AD521ECF066E00C99C55 /* Controller */,
				A714AD531ECF067300C99C55 /* Delegate */,
				A714AD541ECF067B00C99C55 /* View */,
			);
			path = Player;
			sourceTree = "<group>";
		};
		A714AD2A1ECEEA3400C99C55 /* Coordinators */ = {
			isa = PBXGroup;
			children = (
				A721B2D11ECECB67003E0D12 /* AppCoordinator.swift */,
				A721B2D51ECECBC6003E0D12 /* Coordinator.swift */,
				A721B2DD1ECECC9B003E0D12 /* MediaCoordinator.swift */,
				A714AD171ECEDF6100C99C55 /* MediaCoordinatorDelegate.swift */,
				A714AD191ECEDF7E00C99C55 /* MediaCoordinatorPayload.swift */,
				A714AD261ECEE7A600C99C55 /* TabBarCoordinator.swift */,
				A7A081241ECF1AE30035EE1A /* NavigationCoordinator.swift */,
				A76EA89E1ECF211900D7CDDF /* BaseCoordinator.swift */,
				A76EA8A01ECF216700D7CDDF /* CoordinatorFactory.swift */,
			);
			path = Coordinators;
			sourceTree = "<group>";
		};
		A714AD3F1ECEECCC00C99C55 /* Base */ = {
			isa = PBXGroup;
			children = (
				A714AD3D1ECEECBC00C99C55 /* BaseMediaController.swift */,
				A714AD3B1ECEECB000C99C55 /* BaseMediaControllerDataSource.swift */,
			);
			path = Base;
			sourceTree = "<group>";
		};
		A714AD401ECEECD200C99C55 /* Extensions */ = {
			isa = PBXGroup;
			children = (
				A714AD441ECEEE0B00C99C55 /* CALayer+Extension.swift */,
				A7A0811F1ECF19100035EE1A /* String+Extension.swift */,
				A714AD371ECEEC4400C99C55 /* UICollectionView+Extension.swift */,
				A7A0811D1ECF18DA0035EE1A /* UIImage+Extension.swift */,
				A714AD391ECEEC7600C99C55 /* UIImageView+Extension.swift */,
				A7A080E91ECF13400035EE1A /* UILabel+Extension.swift */,
				A714AD671ECF09A200C99C55 /* UIViewController+Extension.swift */,
			);
			path = Extensions;
			sourceTree = "<group>";
		};
		A714AD411ECEECD900C99C55 /* Protoccol */ = {
			isa = PBXGroup;
			children = (
				A714AD351ECEEC0C00C99C55 /* CellRepresentable.swift */,
				A714AD4A1ECF062600C99C55 /* Configurable.swift */,
				A714AD591ECF06FC00C99C55 /* Downloader.swift */,
				A714AD331ECEEBF500C99C55 /* Resuable.swift */,
				A714AD5B1ECF070A00C99C55 /* TermSearcher.swift */,
				A76EA8961ECF205D00D7CDDF /* Presentable.swift */,
				A76EA8981ECF208600D7CDDF /* BaseView.swift */,
				A76EA89A1ECF20A800D7CDDF /* Router.swift */,
				A76EA89C1ECF20D000D7CDDF /* RouterImp.swift */,
			);
			path = Protoccol;
			sourceTree = "<group>";
		};
		A714AD421ECEECDE00C99C55 /* Models */ = {
			isa = PBXGroup;
			children = (
				A714AD651ECF083500C99C55 /* Download */,
				A714AD661ECF084100C99C55 /* Playlist */,
				A7A080F51ECF14CF0035EE1A /* Track */,
			);
			path = Models;
			sourceTree = "<group>";
		};
		A714AD431ECEECE900C99C55 /* Data */ = {
			isa = PBXGroup;
			children = (
				A7A080F01ECF14820035EE1A /* Local */,
				A7A080EB1ECF14200035EE1A /* Network */,
				A7A080F31ECF14B80035EE1A /* Store */,
			);
			path = Data;
			sourceTree = "<group>";
		};
		A714AD4C1ECF064100C99C55 /* Delegate */ = {
			isa = PBXGroup;
			children = (
				A721B2D91ECECC4D003E0D12 /* SplashViewControllerDelegate.swift */,
			);
			path = Delegate;
			sourceTree = "<group>";
		};
		A714AD4D1ECF064A00C99C55 /* Controller */ = {
			isa = PBXGroup;
			children = (
				A721B2DB1ECECC5F003E0D12 /* SplashViewController.swift */,
			);
			path = Controller;
			sourceTree = "<group>";
		};
		A714AD4E1ECF064F00C99C55 /* View */ = {
			isa = PBXGroup;
			children = (
				A714AD1F1ECEE05A00C99C55 /* SplashView.swift */,
			);
			path = View;
			sourceTree = "<group>";
		};
		A714AD4F1ECF065800C99C55 /* Controller */ = {
			isa = PBXGroup;
			children = (
				A721B2E11ECECE16003E0D12 /* MediaCollectionViewController.swift */,
			);
			path = Controller;
			sourceTree = "<group>";
		};
		A714AD501ECF065E00C99C55 /* Delegate */ = {
			isa = PBXGroup;
			children = (
				A714AD131ECEDF1E00C99C55 /* MediaCollectionControllerDelegate.swift */,
				A714AD151ECEDF4100C99C55 /* MediaViewControllerDelegate.swift */,
			);
			path = Delegate;
			sourceTree = "<group>";
		};
		A714AD511ECF066700C99C55 /* Cell */ = {
			isa = PBXGroup;
			children = (
				A714AD311ECEEB9200C99C55 /* MediaCell.swift */,
			);
			path = Cell;
			sourceTree = "<group>";
		};
		A714AD521ECF066E00C99C55 /* Controller */ = {
			isa = PBXGroup;
			children = (
				A721B2E31ECECE3D003E0D12 /* PlayerViewController.swift */,
			);
			path = Controller;
			sourceTree = "<group>";
		};
		A714AD531ECF067300C99C55 /* Delegate */ = {
			isa = PBXGroup;
			children = (
				A714AD111ECEDEFC00C99C55 /* PlayerViewControllerDelegate.swift */,
			);
			path = Delegate;
			sourceTree = "<group>";
		};
		A714AD541ECF067B00C99C55 /* View */ = {
			isa = PBXGroup;
			children = (
				A714AD2F1ECEEB8500C99C55 /* PlayerView.swift */,
			);
			path = View;
			sourceTree = "<group>";
		};
		A714AD5D1ECF073300C99C55 /* UI */ = {
			isa = PBXGroup;
			children = (
				A7A080BD1ECF0EA40035EE1A /* Animations */,
				A7A080D01ECF10A70035EE1A /* Constants */,
				A7A080B51ECF0E180035EE1A /* Controllers */,
				A714AD2A1ECEEA3400C99C55 /* Coordinators */,
				A7A080BA1ECF0E8A0035EE1A /* Elements */,
				A714AD401ECEECD200C99C55 /* Extensions */,
				A714AD411ECEECD900C99C55 /* Protoccol */,
				A714AD5E1ECF074C00C99C55 /* Screens */,
			);
			path = UI;
			sourceTree = "<group>";
		};
		A714AD5E1ECF074C00C99C55 /* Screens */ = {
			isa = PBXGroup;
			children = (
				A714AD3F1ECEECCC00C99C55 /* Base */,
				A7A081131ECF179D0035EE1A /* CreateAccount */,
				A7A0810E1ECF17680035EE1A /* Login */,
				A714AD221ECEE06E00C99C55 /* MediaCollection */,
				A7A081231ECF197E0035EE1A /* MediaPlaylist */,
				A714AD231ECEE08600C99C55 /* Player */,
				A714AD211ECEE06000C99C55 /* Splash */,
				A7A080D51ECF11650035EE1A /* Start */,
			);
			path = Screens;
			sourceTree = "<group>";
		};
		A714AD5F1ECF076D00C99C55 /* ApplicationServices */ = {
			isa = PBXGroup;
			children = (
				A714AD431ECEECE900C99C55 /* Data */,
				A7A080F41ECF14BE0035EE1A /* Extensions */,
			);
			path = ApplicationServices;
			sourceTree = "<group>";
		};
		A714AD601ECF078000C99C55 /* Resources */ = {
			isa = PBXGroup;
			children = (
				A721B2B81ECECB43003E0D12 /* Assets.xcassets */,
				A721B2BD1ECECB43003E0D12 /* Info.plist */,
				A721B2BA1ECECB43003E0D12 /* LaunchScreen.storyboard */,
				A721B2B51ECECB43003E0D12 /* MediaPlayer.xcdatamodeld */,
			);
			path = Resources;
			sourceTree = "<group>";
		};
		A714AD651ECF083500C99C55 /* Download */ = {
			isa = PBXGroup;
			children = (
				A714AD2D1ECEEA8700C99C55 /* Download.swift */,
				A714AD611ECF080D00C99C55 /* DownloadDelegate.swift */,
				A714AD631ECF082900C99C55 /* DownloadStatus.swift */,
			);
			path = Download;
			sourceTree = "<group>";
		};
		A714AD661ECF084100C99C55 /* Playlist */ = {
			isa = PBXGroup;
			children = (
				A714AD551ECF069500C99C55 /* Playlist.swift */,
				A714AD571ECF06BB00C99C55 /* PlaylistItem.swift */,
			);
			path = Playlist;
			sourceTree = "<group>";
		};
		A721B2A21ECECB43003E0D12 = {
			isa = PBXGroup;
			children = (
				A721B2AD1ECECB43003E0D12 /* MediaPlayer */,
				A721B2C51ECECB43003E0D12 /* MediaPlayerTests */,
				A721B2AC1ECECB43003E0D12 /* Products */,
			);
			sourceTree = "<group>";
		};
		A721B2AC1ECECB43003E0D12 /* Products */ = {
			isa = PBXGroup;
			children = (
				A721B2AB1ECECB43003E0D12 /* MediaPlayer.app */,
				A721B2C21ECECB43003E0D12 /* MediaPlayerTests.xctest */,
			);
			name = Products;
			sourceTree = "<group>";
		};
		A721B2AD1ECECB43003E0D12 /* MediaPlayer */ = {
			isa = PBXGroup;
			children = (
				A714AD5F1ECF076D00C99C55 /* ApplicationServices */,
				A714AD421ECEECDE00C99C55 /* Models */,
				A714AD601ECF078000C99C55 /* Resources */,
				A714AD5D1ECF073300C99C55 /* UI */,
				A721B2AE1ECECB43003E0D12 /* AppDelegate.swift */,
			);
			path = MediaPlayer;
			sourceTree = "<group>";
		};
		A721B2C51ECECB43003E0D12 /* MediaPlayerTests */ = {
			isa = PBXGroup;
			children = (
				A721B2C81ECECB43003E0D12 /* Info.plist */,
				A721B2C61ECECB43003E0D12 /* MediaPlayerTests.swift */,
			);
			path = MediaPlayerTests;
			sourceTree = "<group>";
		};
		A7A080B51ECF0E180035EE1A /* Controllers */ = {
			isa = PBXGroup;
			children = (
				A721B2D71ECECC09003E0D12 /* RootViewController.swift */,
				A721B2D31ECECB74003E0D12 /* TabBarController.swift */,
				A76EA8A21ECF21DD00D7CDDF /* TabbarView.swift */,
			);
			path = Controllers;
			sourceTree = "<group>";
		};
		A7A080BA1ECF0E8A0035EE1A /* Elements */ = {
			isa = PBXGroup;
			children = (
				A7A080D81ECF11830035EE1A /* ButtonFactory */,
				A7A080C41ECF0FC70035EE1A /* EmptyView */,
				A7A080C71ECF0FEB0035EE1A /* Popover */,
				A7A080C11ECF0F5E0035EE1A /* Textfield */,
			);
			path = Elements;
			sourceTree = "<group>";
		};
		A7A080BD1ECF0EA40035EE1A /* Animations */ = {
			isa = PBXGroup;
			children = (
				A7A080C01ECF0F140035EE1A /* AudioEqualizer */,
				A7A081031ECF166F0035EE1A /* BallAnimation */,
				A7A080BE1ECF0ED50035EE1A /* IndicatorView.swift */,
			);
			path = Animations;
			sourceTree = "<group>";
		};
		A7A080C01ECF0F140035EE1A /* AudioEqualizer */ = {
			isa = PBXGroup;
			children = (
				A7A080BB1ECF0EA00035EE1A /* EqualizerAnimation.swift */,
			);
			path = AudioEqualizer;
			sourceTree = "<group>";
		};
		A7A080C11ECF0F5E0035EE1A /* Textfield */ = {
			isa = PBXGroup;
			children = (
				A7A080B81ECF0E580035EE1A /* TextFieldExtension.swift */,
			);
			path = Textfield;
			sourceTree = "<group>";
		};
		A7A080C41ECF0FC70035EE1A /* EmptyView */ = {
			isa = PBXGroup;
			children = (
				A7A080C21ECF0F6F0035EE1A /* EmptyView.swift */,
			);
			path = EmptyView;
			sourceTree = "<group>";
		};
		A7A080C71ECF0FEB0035EE1A /* Popover */ = {
			isa = PBXGroup;
			children = (
				A7A080C81ECF0FF80035EE1A /* Base */,
				A7A080CB1ECF10460035EE1A /* Menu */,
				A7A0811A1ECF18180035EE1A /* NewPlaylist */,
			);
			path = Popover;
			sourceTree = "<group>";
		};
		A7A080C81ECF0FF80035EE1A /* Base */ = {
			isa = PBXGroup;
			children = (
				A7A080CC1ECF105F0035EE1A /* BasePopView.swift */,
				A7A080C51ECF0FD90035EE1A /* BasePopoverAlert.swift */,
			);
			path = Base;
			sourceTree = "<group>";
		};
		A7A080CB1ECF10460035EE1A /* Menu */ = {
			isa = PBXGroup;
			children = (
				A7A080C91ECF10360035EE1A /* BaseMenuPopover.swift */,
				A7A080DD1ECF11FA0035EE1A /* BottomMenuPopover.swift */,
				A7A080E11ECF12560035EE1A /* MenuActive.swift */,
				A7A080E31ECF126C0035EE1A /* MenuDelegate.swift */,
				A7A080DF1ECF123A0035EE1A /* MenuOptionView.swift */,
			);
			path = Menu;
			sourceTree = "<group>";
		};
		A7A080D01ECF10A70035EE1A /* Constants */ = {
			isa = PBXGroup;
			children = (
				A7A080E71ECF12DF0035EE1A /* BasePopConstant.swift */,
				A7A080CE1ECF10A00035EE1A /* BasePopoverConstants.swift */,
				A7A080E51ECF12AC0035EE1A /* EqualizerConstants.swift */,
				A7A081261ECF1BE40035EE1A /* CALayer+Constants.swift */,
			);
			path = Constants;
			sourceTree = "<group>";
		};
		A7A080D51ECF11650035EE1A /* Start */ = {
			isa = PBXGroup;
			children = (
				A7A080D11ECF11200035EE1A /* StartView.swift */,
				A7A081081ECF16FE0035EE1A /* StartViewController.swift */,
				A7A0810A1ECF172A0035EE1A /* StartViewControllerDelegate.swift */,
				A7A080D31ECF11380035EE1A /* StartViewDelegate.swift */,
			);
			path = Start;
			sourceTree = "<group>";
		};
		A7A080D81ECF11830035EE1A /* ButtonFactory */ = {
			isa = PBXGroup;
			children = (
				A7A080D91ECF11970035EE1A /* BasicButtonFactory.swift */,
				A7A080D61ECF11740035EE1A /* ButtonMaker.swift */,
				A7A080DB1ECF11B80035EE1A /* LoginButtonFactory.swift */,
			);
			path = ButtonFactory;
			sourceTree = "<group>";
		};
		A7A080EB1ECF14200035EE1A /* Network */ = {
			isa = PBXGroup;
			children = (
				A7A0811B1ECF18AA0035EE1A /* ImageLoadOperation.swift */,
				A714AD2B1ECEEA7800C99C55 /* MediaAPIClient.swift */,
				A7A080F91ECF15120035EE1A /* Response.swift */,
				A714AD461ECEF15000C99C55 /* URLConstructable.swift */,
				A714AD481ECEF16900C99C55 /* URLRoutable.swift */,
			);
			path = Network;
			sourceTree = "<group>";
		};
		A7A080F01ECF14820035EE1A /* Local */ = {
			isa = PBXGroup;
			children = (
				A7A080F21ECF14AF0035EE1A /* LocalStorage */,
				A7A080F81ECF14E60035EE1A /* MediaPlayer */,
				A7A080F11ECF14A70035EE1A /* Services */,
			);
			path = Local;
			sourceTree = "<group>";
		};
		A7A080F11ECF14A70035EE1A /* Services */ = {
			isa = PBXGroup;
			children = (
				A714AD1B1ECEDFAE00C99C55 /* DataService.swift */,
				A721B2DF1ECECD98003E0D12 /* Services.swift */,
			);
			path = Services;
			sourceTree = "<group>";
		};
		A7A080F21ECF14AF0035EE1A /* LocalStorage */ = {
			isa = PBXGroup;
			children = (
				A7A080EE1ECF14760035EE1A /* LocalStorageManager.swift */,
			);
			path = LocalStorage;
			sourceTree = "<group>";
		};
		A7A080F31ECF14B80035EE1A /* Store */ = {
			isa = PBXGroup;
			children = (
				A714AD281ECEE93800C99C55 /* MediaDataStore.swift */,
			);
			path = Store;
			sourceTree = "<group>";
		};
		A7A080F41ECF14BE0035EE1A /* Extensions */ = {
			isa = PBXGroup;
			children = (
				A7A080FB1ECF15520035EE1A /* BaseOperation.swift */,
				A7A080EC1ECF14440035EE1A /* NSError+Extension.swift */,
				A7A080FF1ECF160C0035EE1A /* Notification+Extension.swift */,
			);
			path = Extensions;
			sourceTree = "<group>";
		};
		A7A080F51ECF14CF0035EE1A /* Track */ = {
			isa = PBXGroup;
			children = (
				A714AD1D1ECEDFC700C99C55 /* Track.swift */,
				A7A080FD1ECF158B0035EE1A /* TrackDelegate.swift */,
			);
			path = Track;
			sourceTree = "<group>";
		};
		A7A080F81ECF14E60035EE1A /* MediaPlayer */ = {
			isa = PBXGroup;
			children = (
				A7A080F61ECF14E30035EE1A /* MPMediaPlayer.swift */,
			);
			path = MediaPlayer;
			sourceTree = "<group>";
		};
		A7A081031ECF166F0035EE1A /* BallAnimation */ = {
			isa = PBXGroup;
			children = (
				A7A081061ECF16AC0035EE1A /* AnimationDelegate.swift */,
				A7A081011ECF16670035EE1A /* BallAnimation.swift */,
				A7A081041ECF16970035EE1A /* BallIndicatorView.swift */,
			);
			path = BallAnimation;
			sourceTree = "<group>";
		};
		A7A0810E1ECF17680035EE1A /* Login */ = {
			isa = PBXGroup;
			children = (
				A7A0810C1ECF17580035EE1A /* LoginView.swift */,
				A7A0810F1ECF17750035EE1A /* LoginViewController.swift */,
			);
			path = Login;
			sourceTree = "<group>";
		};
		A7A081131ECF179D0035EE1A /* CreateAccount */ = {
			isa = PBXGroup;
			children = (
				A7A081161ECF17C10035EE1A /* CreateAccountDelegate.swift */,
				A7A081111ECF178E0035EE1A /* CreateAccountView.swift */,
				A7A081141ECF17AE0035EE1A /* CreateAccountViewController.swift */,
			);
			path = CreateAccount;
			sourceTree = "<group>";
		};
		A7A0811A1ECF18180035EE1A /* NewPlaylist */ = {
			isa = PBXGroup;
			children = (
				A7A081181ECF18140035EE1A /* NewPlaylistView.swift */,
			);
			path = NewPlaylist;
			sourceTree = "<group>";
		};
		A7A081231ECF197E0035EE1A /* MediaPlaylist */ = {
			isa = PBXGroup;
			children = (
				A7A081211ECF19790035EE1A /* MediaPlaylistViewController.swift */,
			);
			path = MediaPlaylist;
			sourceTree = "<group>";
		};
/* End PBXGroup section */

/* Begin PBXNativeTarget section */
		A721B2AA1ECECB43003E0D12 /* MediaPlayer */ = {
			isa = PBXNativeTarget;
			buildConfigurationList = A721B2CB1ECECB43003E0D12 /* Build configuration list for PBXNativeTarget "MediaPlayer" */;
			buildPhases = (
				A721B2A71ECECB43003E0D12 /* Sources */,
				A721B2A81ECECB43003E0D12 /* Frameworks */,
				A721B2A91ECECB43003E0D12 /* Resources */,
			);
			buildRules = (
			);
			dependencies = (
			);
			name = MediaPlayer;
			productName = MediaPlayer;
			productReference = A721B2AB1ECECB43003E0D12 /* MediaPlayer.app */;
			productType = "com.apple.product-type.application";
		};
		A721B2C11ECECB43003E0D12 /* MediaPlayerTests */ = {
			isa = PBXNativeTarget;
			buildConfigurationList = A721B2CE1ECECB43003E0D12 /* Build configuration list for PBXNativeTarget "MediaPlayerTests" */;
			buildPhases = (
				A721B2BE1ECECB43003E0D12 /* Sources */,
				A721B2BF1ECECB43003E0D12 /* Frameworks */,
				A721B2C01ECECB43003E0D12 /* Resources */,
			);
			buildRules = (
			);
			dependencies = (
				A721B2C41ECECB43003E0D12 /* PBXTargetDependency */,
			);
			name = MediaPlayerTests;
			productName = MediaPlayerTests;
			productReference = A721B2C21ECECB43003E0D12 /* MediaPlayerTests.xctest */;
			productType = "com.apple.product-type.bundle.unit-test";
		};
/* End PBXNativeTarget section */

/* Begin PBXProject section */
		A721B2A31ECECB43003E0D12 /* Project object */ = {
			isa = PBXProject;
			attributes = {
				LastSwiftUpdateCheck = 0830;
				LastUpgradeCheck = 0830;
				ORGANIZATIONNAME = "Christopher Webb-Orenstein";
				TargetAttributes = {
					A721B2AA1ECECB43003E0D12 = {
						CreatedOnToolsVersion = 8.3.2;
						DevelopmentTeam = 4SZP4Q326F;
						ProvisioningStyle = Automatic;
					};
					A721B2C11ECECB43003E0D12 = {
						CreatedOnToolsVersion = 8.3.2;
						DevelopmentTeam = 4SZP4Q326F;
						ProvisioningStyle = Automatic;
						TestTargetID = A721B2AA1ECECB43003E0D12;
					};
				};
			};
			buildConfigurationList = A721B2A61ECECB43003E0D12 /* Build configuration list for PBXProject "MediaPlayer" */;
			compatibilityVersion = "Xcode 3.2";
			developmentRegion = English;
			hasScannedForEncodings = 0;
			knownRegions = (
				en,
				Base,
			);
			mainGroup = A721B2A21ECECB43003E0D12;
			productRefGroup = A721B2AC1ECECB43003E0D12 /* Products */;
			projectDirPath = "";
			projectRoot = "";
			targets = (
				A721B2AA1ECECB43003E0D12 /* MediaPlayer */,
				A721B2C11ECECB43003E0D12 /* MediaPlayerTests */,
			);
		};
/* End PBXProject section */

/* Begin PBXResourcesBuildPhase section */
		A721B2A91ECECB43003E0D12 /* Resources */ = {
			isa = PBXResourcesBuildPhase;
			buildActionMask = 2147483647;
			files = (
				A721B2BC1ECECB43003E0D12 /* LaunchScreen.storyboard in Resources */,
				A721B2B91ECECB43003E0D12 /* Assets.xcassets in Resources */,
			);
			runOnlyForDeploymentPostprocessing = 0;
		};
		A721B2C01ECECB43003E0D12 /* Resources */ = {
			isa = PBXResourcesBuildPhase;
			buildActionMask = 2147483647;
			files = (
			);
			runOnlyForDeploymentPostprocessing = 0;
		};
/* End PBXResourcesBuildPhase section */

/* Begin PBXSourcesBuildPhase section */
		A721B2A71ECECB43003E0D12 /* Sources */ = {
			isa = PBXSourcesBuildPhase;
			buildActionMask = 2147483647;
			files = (
				A7A080CF1ECF10A00035EE1A /* BasePopoverConstants.swift in Sources */,
				A714AD3A1ECEEC7600C99C55 /* UIImageView+Extension.swift in Sources */,
				A7A081171ECF17C10035EE1A /* CreateAccountDelegate.swift in Sources */,
				A7A080E81ECF12DF0035EE1A /* BasePopConstant.swift in Sources */,
				A721B2D21ECECB67003E0D12 /* AppCoordinator.swift in Sources */,
				A714AD561ECF069500C99C55 /* Playlist.swift in Sources */,
				A7A080ED1ECF14440035EE1A /* NSError+Extension.swift in Sources */,
				A7A081121ECF178E0035EE1A /* CreateAccountView.swift in Sources */,
				A714AD181ECEDF6100C99C55 /* MediaCoordinatorDelegate.swift in Sources */,
				A76EA8971ECF205D00D7CDDF /* Presentable.swift in Sources */,
				A7A080E61ECF12AC0035EE1A /* EqualizerConstants.swift in Sources */,
				A7A080DA1ECF11970035EE1A /* BasicButtonFactory.swift in Sources */,
				A714AD491ECEF16900C99C55 /* URLRoutable.swift in Sources */,
				A714AD321ECEEB9200C99C55 /* MediaCell.swift in Sources */,
				A721B2B71ECECB43003E0D12 /* MediaPlayer.xcdatamodeld in Sources */,
				A714AD4B1ECF062600C99C55 /* Configurable.swift in Sources */,
				A714AD5A1ECF06FC00C99C55 /* Downloader.swift in Sources */,
				A714AD161ECEDF4100C99C55 /* MediaViewControllerDelegate.swift in Sources */,
				A721B2DA1ECECC4D003E0D12 /* SplashViewControllerDelegate.swift in Sources */,
				A714AD3C1ECEECB000C99C55 /* BaseMediaControllerDataSource.swift in Sources */,
				A721B2E01ECECD98003E0D12 /* Services.swift in Sources */,
				A7A081001ECF160C0035EE1A /* Notification+Extension.swift in Sources */,
				A76EA89B1ECF20A800D7CDDF /* Router.swift in Sources */,
				A7A080EA1ECF13400035EE1A /* UILabel+Extension.swift in Sources */,
				A7A080FA1ECF15120035EE1A /* Response.swift in Sources */,
				A7A081101ECF17750035EE1A /* LoginViewController.swift in Sources */,
				A7A080CD1ECF105F0035EE1A /* BasePopView.swift in Sources */,
				A7A0811E1ECF18DA0035EE1A /* UIImage+Extension.swift in Sources */,
				A714AD471ECEF15000C99C55 /* URLConstructable.swift in Sources */,
				A714AD271ECEE7A600C99C55 /* TabBarCoordinator.swift in Sources */,
				A76EA8A11ECF216700D7CDDF /* CoordinatorFactory.swift in Sources */,
				A76EA8991ECF208600D7CDDF /* BaseView.swift in Sources */,
				A7A080C61ECF0FD90035EE1A /* BasePopoverAlert.swift in Sources */,
				A76EA89D1ECF20D000D7CDDF /* RouterImp.swift in Sources */,
				A7A081271ECF1BE40035EE1A /* CALayer+Constants.swift in Sources */,
				A714AD1C1ECEDFAE00C99C55 /* DataService.swift in Sources */,
				A714AD681ECF09A200C99C55 /* UIViewController+Extension.swift in Sources */,
				A7A080B91ECF0E580035EE1A /* TextFieldExtension.swift in Sources */,
				A714AD301ECEEB8600C99C55 /* PlayerView.swift in Sources */,
				A7A080EF1ECF14760035EE1A /* LocalStorageManager.swift in Sources */,
				A76EA89F1ECF211900D7CDDF /* BaseCoordinator.swift in Sources */,
				A7A081251ECF1AE30035EE1A /* NavigationCoordinator.swift in Sources */,
				A721B2DE1ECECC9B003E0D12 /* MediaCoordinator.swift in Sources */,
				A714AD5C1ECF070A00C99C55 /* TermSearcher.swift in Sources */,
				A7A081151ECF17AE0035EE1A /* CreateAccountViewController.swift in Sources */,
				A714AD2E1ECEEA8700C99C55 /* Download.swift in Sources */,
				A721B2E21ECECE16003E0D12 /* MediaCollectionViewController.swift in Sources */,
				A714AD341ECEEBF500C99C55 /* Resuable.swift in Sources */,
				A714AD121ECEDEFC00C99C55 /* PlayerViewControllerDelegate.swift in Sources */,
				A7A081221ECF19790035EE1A /* MediaPlaylistViewController.swift in Sources */,
				A7A080E41ECF126C0035EE1A /* MenuDelegate.swift in Sources */,
				A721B2DC1ECECC60003E0D12 /* SplashViewController.swift in Sources */,
				A714AD1E1ECEDFC700C99C55 /* Track.swift in Sources */,
				A7A0810B1ECF172A0035EE1A /* StartViewControllerDelegate.swift in Sources */,
				A714AD3E1ECEECBC00C99C55 /* BaseMediaController.swift in Sources */,
				A7A080DC1ECF11B80035EE1A /* LoginButtonFactory.swift in Sources */,
				A7A080D41ECF11380035EE1A /* StartViewDelegate.swift in Sources */,
				A7A081021ECF16670035EE1A /* BallAnimation.swift in Sources */,
				A7A080DE1ECF11FA0035EE1A /* BottomMenuPopover.swift in Sources */,
				A7A080F71ECF14E30035EE1A /* MPMediaPlayer.swift in Sources */,
				A7A081051ECF16970035EE1A /* BallIndicatorView.swift in Sources */,
				A7A080D21ECF11200035EE1A /* StartView.swift in Sources */,
				A714AD451ECEEE0B00C99C55 /* CALayer+Extension.swift in Sources */,
				A7A080BC1ECF0EA00035EE1A /* EqualizerAnimation.swift in Sources */,
				A7A080BF1ECF0ED50035EE1A /* IndicatorView.swift in Sources */,
				A721B2E41ECECE3D003E0D12 /* PlayerViewController.swift in Sources */,
				A7A081091ECF16FE0035EE1A /* StartViewController.swift in Sources */,
				A721B2D61ECECBC6003E0D12 /* Coordinator.swift in Sources */,
				A7A0810D1ECF17580035EE1A /* LoginView.swift in Sources */,
				A714AD381ECEEC4400C99C55 /* UICollectionView+Extension.swift in Sources */,
				A7A080E21ECF12560035EE1A /* MenuActive.swift in Sources */,
				A714AD581ECF06BB00C99C55 /* PlaylistItem.swift in Sources */,
				A7A081071ECF16AC0035EE1A /* AnimationDelegate.swift in Sources */,
				A7A081201ECF19100035EE1A /* String+Extension.swift in Sources */,
				A714AD621ECF080D00C99C55 /* DownloadDelegate.swift in Sources */,
				A7A080CA1ECF10360035EE1A /* BaseMenuPopover.swift in Sources */,
				A714AD2C1ECEEA7800C99C55 /* MediaAPIClient.swift in Sources */,
				A7A080FE1ECF158B0035EE1A /* TrackDelegate.swift in Sources */,
				A721B2D81ECECC09003E0D12 /* RootViewController.swift in Sources */,
				A714AD1A1ECEDF7E00C99C55 /* MediaCoordinatorPayload.swift in Sources */,
				A76EA8A31ECF21DD00D7CDDF /* TabbarView.swift in Sources */,
				A714AD291ECEE93800C99C55 /* MediaDataStore.swift in Sources */,
				A7A081191ECF18140035EE1A /* NewPlaylistView.swift in Sources */,
				A7A0811C1ECF18AA0035EE1A /* ImageLoadOperation.swift in Sources */,
				A7A080FC1ECF15520035EE1A /* BaseOperation.swift in Sources */,
				A7A080D71ECF11740035EE1A /* ButtonMaker.swift in Sources */,
				A7A080E01ECF123A0035EE1A /* MenuOptionView.swift in Sources */,
				A714AD141ECEDF1E00C99C55 /* MediaCollectionControllerDelegate.swift in Sources */,
				A721B2D41ECECB74003E0D12 /* TabBarController.swift in Sources */,
				A721B2AF1ECECB43003E0D12 /* AppDelegate.swift in Sources */,
				A714AD361ECEEC0C00C99C55 /* CellRepresentable.swift in Sources */,
				A714AD201ECEE05A00C99C55 /* SplashView.swift in Sources */,
				A714AD641ECF082900C99C55 /* DownloadStatus.swift in Sources */,
				A7A080C31ECF0F6F0035EE1A /* EmptyView.swift in Sources */,
			);
			runOnlyForDeploymentPostprocessing = 0;
		};
		A721B2BE1ECECB43003E0D12 /* Sources */ = {
			isa = PBXSourcesBuildPhase;
			buildActionMask = 2147483647;
			files = (
				A721B2C71ECECB43003E0D12 /* MediaPlayerTests.swift in Sources */,
			);
			runOnlyForDeploymentPostprocessing = 0;
		};
/* End PBXSourcesBuildPhase section */

/* Begin PBXTargetDependency section */
		A721B2C41ECECB43003E0D12 /* PBXTargetDependency */ = {
			isa = PBXTargetDependency;
			target = A721B2AA1ECECB43003E0D12 /* MediaPlayer */;
			targetProxy = A721B2C31ECECB43003E0D12 /* PBXContainerItemProxy */;
		};
/* End PBXTargetDependency section */

/* Begin PBXVariantGroup section */
		A721B2BA1ECECB43003E0D12 /* LaunchScreen.storyboard */ = {
			isa = PBXVariantGroup;
			children = (
				A721B2BB1ECECB43003E0D12 /* Base */,
			);
			name = LaunchScreen.storyboard;
			path = .;
			sourceTree = "<group>";
		};
/* End PBXVariantGroup section */

/* Begin XCBuildConfiguration section */
		A721B2C91ECECB43003E0D12 /* Debug */ = {
			isa = XCBuildConfiguration;
			buildSettings = {
				ALWAYS_SEARCH_USER_PATHS = NO;
				CLANG_ANALYZER_NONNULL = YES;
				CLANG_ANALYZER_NUMBER_OBJECT_CONVERSION = YES_AGGRESSIVE;
				CLANG_CXX_LANGUAGE_STANDARD = "gnu++0x";
				CLANG_CXX_LIBRARY = "libc++";
				CLANG_ENABLE_MODULES = YES;
				CLANG_ENABLE_OBJC_ARC = YES;
				CLANG_WARN_BOOL_CONVERSION = YES;
				CLANG_WARN_CONSTANT_CONVERSION = YES;
				CLANG_WARN_DIRECT_OBJC_ISA_USAGE = YES_ERROR;
				CLANG_WARN_DOCUMENTATION_COMMENTS = YES;
				CLANG_WARN_EMPTY_BODY = YES;
				CLANG_WARN_ENUM_CONVERSION = YES;
				CLANG_WARN_INFINITE_RECURSION = YES;
				CLANG_WARN_INT_CONVERSION = YES;
				CLANG_WARN_OBJC_ROOT_CLASS = YES_ERROR;
				CLANG_WARN_SUSPICIOUS_MOVE = YES;
				CLANG_WARN_UNREACHABLE_CODE = YES;
				CLANG_WARN__DUPLICATE_METHOD_MATCH = YES;
				"CODE_SIGN_IDENTITY[sdk=iphoneos*]" = "iPhone Developer";
				COPY_PHASE_STRIP = NO;
				DEBUG_INFORMATION_FORMAT = dwarf;
				ENABLE_STRICT_OBJC_MSGSEND = YES;
				ENABLE_TESTABILITY = YES;
				GCC_C_LANGUAGE_STANDARD = gnu99;
				GCC_DYNAMIC_NO_PIC = NO;
				GCC_NO_COMMON_BLOCKS = YES;
				GCC_OPTIMIZATION_LEVEL = 0;
				GCC_PREPROCESSOR_DEFINITIONS = (
					"DEBUG=1",
					"$(inherited)",
				);
				GCC_WARN_64_TO_32_BIT_CONVERSION = YES;
				GCC_WARN_ABOUT_RETURN_TYPE = YES_ERROR;
				GCC_WARN_UNDECLARED_SELECTOR = YES;
				GCC_WARN_UNINITIALIZED_AUTOS = YES_AGGRESSIVE;
				GCC_WARN_UNUSED_FUNCTION = YES;
				GCC_WARN_UNUSED_VARIABLE = YES;
				IPHONEOS_DEPLOYMENT_TARGET = 10.3;
				MTL_ENABLE_DEBUG_INFO = YES;
				ONLY_ACTIVE_ARCH = YES;
				SDKROOT = iphoneos;
				SWIFT_ACTIVE_COMPILATION_CONDITIONS = DEBUG;
				SWIFT_OPTIMIZATION_LEVEL = "-Onone";
			};
			name = Debug;
		};
		A721B2CA1ECECB43003E0D12 /* Release */ = {
			isa = XCBuildConfiguration;
			buildSettings = {
				ALWAYS_SEARCH_USER_PATHS = NO;
				CLANG_ANALYZER_NONNULL = YES;
				CLANG_ANALYZER_NUMBER_OBJECT_CONVERSION = YES_AGGRESSIVE;
				CLANG_CXX_LANGUAGE_STANDARD = "gnu++0x";
				CLANG_CXX_LIBRARY = "libc++";
				CLANG_ENABLE_MODULES = YES;
				CLANG_ENABLE_OBJC_ARC = YES;
				CLANG_WARN_BOOL_CONVERSION = YES;
				CLANG_WARN_CONSTANT_CONVERSION = YES;
				CLANG_WARN_DIRECT_OBJC_ISA_USAGE = YES_ERROR;
				CLANG_WARN_DOCUMENTATION_COMMENTS = YES;
				CLANG_WARN_EMPTY_BODY = YES;
				CLANG_WARN_ENUM_CONVERSION = YES;
				CLANG_WARN_INFINITE_RECURSION = YES;
				CLANG_WARN_INT_CONVERSION = YES;
				CLANG_WARN_OBJC_ROOT_CLASS = YES_ERROR;
				CLANG_WARN_SUSPICIOUS_MOVE = YES;
				CLANG_WARN_UNREACHABLE_CODE = YES;
				CLANG_WARN__DUPLICATE_METHOD_MATCH = YES;
				"CODE_SIGN_IDENTITY[sdk=iphoneos*]" = "iPhone Developer";
				COPY_PHASE_STRIP = NO;
				DEBUG_INFORMATION_FORMAT = "dwarf-with-dsym";
				ENABLE_NS_ASSERTIONS = NO;
				ENABLE_STRICT_OBJC_MSGSEND = YES;
				GCC_C_LANGUAGE_STANDARD = gnu99;
				GCC_NO_COMMON_BLOCKS = YES;
				GCC_WARN_64_TO_32_BIT_CONVERSION = YES;
				GCC_WARN_ABOUT_RETURN_TYPE = YES_ERROR;
				GCC_WARN_UNDECLARED_SELECTOR = YES;
				GCC_WARN_UNINITIALIZED_AUTOS = YES_AGGRESSIVE;
				GCC_WARN_UNUSED_FUNCTION = YES;
				GCC_WARN_UNUSED_VARIABLE = YES;
				IPHONEOS_DEPLOYMENT_TARGET = 10.3;
				MTL_ENABLE_DEBUG_INFO = NO;
				SDKROOT = iphoneos;
				SWIFT_OPTIMIZATION_LEVEL = "-Owholemodule";
				VALIDATE_PRODUCT = YES;
			};
			name = Release;
		};
		A721B2CC1ECECB43003E0D12 /* Debug */ = {
			isa = XCBuildConfiguration;
			buildSettings = {
				ASSETCATALOG_COMPILER_APPICON_NAME = AppIcon;
				DEVELOPMENT_TEAM = 4SZP4Q326F;
				INFOPLIST_FILE = MediaPlayer/Resources/Info.plist;
				IPHONEOS_DEPLOYMENT_TARGET = 10;
				LD_RUNPATH_SEARCH_PATHS = "$(inherited) @executable_path/Frameworks";
				PRODUCT_BUNDLE_IDENTIFIER = com.froleeyo.MediaPlayer;
				PRODUCT_NAME = "$(TARGET_NAME)";
				SWIFT_VERSION = 3.0;
			};
			name = Debug;
		};
		A721B2CD1ECECB43003E0D12 /* Release */ = {
			isa = XCBuildConfiguration;
			buildSettings = {
				ASSETCATALOG_COMPILER_APPICON_NAME = AppIcon;
				DEVELOPMENT_TEAM = 4SZP4Q326F;
				INFOPLIST_FILE = MediaPlayer/Resources/Info.plist;
				IPHONEOS_DEPLOYMENT_TARGET = 10;
				LD_RUNPATH_SEARCH_PATHS = "$(inherited) @executable_path/Frameworks";
				PRODUCT_BUNDLE_IDENTIFIER = com.froleeyo.MediaPlayer;
				PRODUCT_NAME = "$(TARGET_NAME)";
				SWIFT_VERSION = 3.0;
			};
			name = Release;
		};
		A721B2CF1ECECB43003E0D12 /* Debug */ = {
			isa = XCBuildConfiguration;
			buildSettings = {
				ALWAYS_EMBED_SWIFT_STANDARD_LIBRARIES = YES;
				BUNDLE_LOADER = "$(TEST_HOST)";
				DEVELOPMENT_TEAM = 4SZP4Q326F;
				INFOPLIST_FILE = MediaPlayerTests/Info.plist;
				LD_RUNPATH_SEARCH_PATHS = "$(inherited) @executable_path/Frameworks @loader_path/Frameworks";
				PRODUCT_BUNDLE_IDENTIFIER = com.froleeyo.MediaPlayerTests;
				PRODUCT_NAME = "$(TARGET_NAME)";
				SWIFT_VERSION = 3.0;
				TEST_HOST = "$(BUILT_PRODUCTS_DIR)/MediaPlayer.app/MediaPlayer";
			};
			name = Debug;
		};
		A721B2D01ECECB43003E0D12 /* Release */ = {
			isa = XCBuildConfiguration;
			buildSettings = {
				ALWAYS_EMBED_SWIFT_STANDARD_LIBRARIES = YES;
				BUNDLE_LOADER = "$(TEST_HOST)";
				DEVELOPMENT_TEAM = 4SZP4Q326F;
				INFOPLIST_FILE = MediaPlayerTests/Info.plist;
				LD_RUNPATH_SEARCH_PATHS = "$(inherited) @executable_path/Frameworks @loader_path/Frameworks";
				PRODUCT_BUNDLE_IDENTIFIER = com.froleeyo.MediaPlayerTests;
				PRODUCT_NAME = "$(TARGET_NAME)";
				SWIFT_VERSION = 3.0;
				TEST_HOST = "$(BUILT_PRODUCTS_DIR)/MediaPlayer.app/MediaPlayer";
			};
			name = Release;
		};
/* End XCBuildConfiguration section */

/* Begin XCConfigurationList section */
		A721B2A61ECECB43003E0D12 /* Build configuration list for PBXProject "MediaPlayer" */ = {
			isa = XCConfigurationList;
			buildConfigurations = (
				A721B2C91ECECB43003E0D12 /* Debug */,
				A721B2CA1ECECB43003E0D12 /* Release */,
			);
			defaultConfigurationIsVisible = 0;
			defaultConfigurationName = Release;
		};
		A721B2CB1ECECB43003E0D12 /* Build configuration list for PBXNativeTarget "MediaPlayer" */ = {
			isa = XCConfigurationList;
			buildConfigurations = (
				A721B2CC1ECECB43003E0D12 /* Debug */,
				A721B2CD1ECECB43003E0D12 /* Release */,
			);
			defaultConfigurationIsVisible = 0;
			defaultConfigurationName = Release;
		};
		A721B2CE1ECECB43003E0D12 /* Build configuration list for PBXNativeTarget "MediaPlayerTests" */ = {
			isa = XCConfigurationList;
			buildConfigurations = (
				A721B2CF1ECECB43003E0D12 /* Debug */,
				A721B2D01ECECB43003E0D12 /* Release */,
			);
			defaultConfigurationIsVisible = 0;
			defaultConfigurationName = Release;
		};
/* End XCConfigurationList section */

/* Begin XCVersionGroup section */
		A721B2B51ECECB43003E0D12 /* MediaPlayer.xcdatamodeld */ = {
			isa = XCVersionGroup;
			children = (
				A721B2B61ECECB43003E0D12 /* MediaPlayer.xcdatamodel */,
			);
			currentVersion = A721B2B61ECECB43003E0D12 /* MediaPlayer.xcdatamodel */;
			path = MediaPlayer.xcdatamodeld;
			sourceTree = "<group>";
			versionGroupType = wrapper.xcdatamodel;
		};
/* End XCVersionGroup section */
	};
	rootObject = A721B2A31ECECB43003E0D12 /* Project object */;
}
